
Microsoft Visual Studio Solution File, Format Version 12.00
# Visual Studio Version 16
VisualStudioVersion = 16.0.30128.74
MinimumVisualStudioVersion = 15.0.26124.0
Project("{2150E333-8FDC-42A3-9474-1A3956D46DE8}") = "Solution Items", "Solution Items", "{B71EAD0E-9975-44B0-A10B-7BBCEBA52697}"
	ProjectSection(SolutionItems) = preProject
		.gitignore = .gitignore
		LICENSE = LICENSE
		README.md = README.md
	EndProjectSection
EndProject
Project("{FAE04EC0-301F-11D3-BF4B-00C04F79EFBC}") = "GettingStartedSpecflow", "GettingStartedSpecflow\GettingStartedSpecflow.csproj", "{72C71507-7A35-49A0-9DA1-47B7DE672F2D}"
EndProject
Project("{FAE04EC0-301F-11D3-BF4B-00C04F79EFBC}") = "GettingStartedSpecflow.Specifications", "GettingStartedSpecflow.Specifications\GettingStartedSpecflow.Specifications.csproj", "{1E353BAC-C13A-43D5-AAAE-95C59DCEA0FC}"
EndProject
Global
	GlobalSection(SolutionConfigurationPlatforms) = preSolution
		Debug|Any CPU = Debug|Any CPU
		Debug|x64 = Debug|x64
		Debug|x86 = Debug|x86
		Release|Any CPU = Release|Any CPU
		Release|x64 = Release|x64
		Release|x86 = Release|x86
	EndGlobalSection
	GlobalSection(ProjectConfigurationPlatforms) = postSolution
		{72C71507-7A35-49A0-9DA1-47B7DE672F2D}.Debug|Any CPU.ActiveCfg = Debug|Any CPU
		{72C71507-7A35-49A0-9DA1-47B7DE672F2D}.Debug|Any CPU.Build.0 = Debug|Any CPU
		{72C71507-7A35-49A0-9DA1-47B7DE672F2D}.Debug|x64.ActiveCfg = Debug|Any CPU
		{72C71507-7A35-49A0-9DA1-47B7DE672F2D}.Debug|x64.Build.0 = Debug|Any CPU
		{72C71507-7A35-49A0-9DA1-47B7DE672F2D}.Debug|x86.ActiveCfg = Debug|Any CPU
		{72C71507-7A35-49A0-9DA1-47B7DE672F2D}.Debug|x86.Build.0 = Debug|Any CPU
		{72C71507-7A35-49A0-9DA1-47B7DE672F2D}.Release|Any CPU.ActiveCfg = Release|Any CPU
		{72C71507-7A35-49A0-9DA1-47B7DE672F2D}.Release|Any CPU.Build.0 = Release|Any CPU
		{72C71507-7A35-49A0-9DA1-47B7DE672F2D}.Release|x64.ActiveCfg = Release|Any CPU
		{72C71507-7A35-49A0-9DA1-47B7DE672F2D}.Release|x64.Build.0 = Release|Any CPU
		{72C71507-7A35-49A0-9DA1-47B7DE672F2D}.Release|x86.ActiveCfg = Release|Any CPU
		{72C71507-7A35-49A0-9DA1-47B7DE672F2D}.Release|x86.Build.0 = Release|Any CPU
		{1E353BAC-C13A-43D5-AAAE-95C59DCEA0FC}.Debug|Any CPU.ActiveCfg = Debug|Any CPU
		{1E353BAC-C13A-43D5-AAAE-95C59DCEA0FC}.Debug|Any CPU.Build.0 = Debug|Any CPU
		{1E353BAC-C13A-43D5-AAAE-95C59DCEA0FC}.Debug|x64.ActiveCfg = Debug|Any CPU
		{1E353BAC-C13A-43D5-AAAE-95C59DCEA0FC}.Debug|x64.Build.0 = Debug|Any CPU
		{1E353BAC-C13A-43D5-AAAE-95C59DCEA0FC}.Debug|x86.ActiveCfg = Debug|Any CPU
		{1E353BAC-C13A-43D5-AAAE-95C59DCEA0FC}.Debug|x86.Build.0 = Debug|Any CPU
		{1E353BAC-C13A-43D5-AAAE-95C59DCEA0FC}.Release|Any CPU.ActiveCfg = Release|Any CPU
		{1E353BAC-C13A-43D5-AAAE-95C59DCEA0FC}.Release|Any CPU.Build.0 = Release|Any CPU
		{1E353BAC-C13A-43D5-AAAE-95C59DCEA0FC}.Release|x64.ActiveCfg = Release|Any CPU
		{1E353BAC-C13A-43D5-AAAE-95C59DCEA0FC}.Release|x64.Build.0 = Release|Any CPU
		{1E353BAC-C13A-43D5-AAAE-95C59DCEA0FC}.Release|x86.ActiveCfg = Release|Any CPU
		{1E353BAC-C13A-43D5-AAAE-95C59DCEA0FC}.Release|x86.Build.0 = Release|Any CPU
	EndGlobalSection
	GlobalSection(SolutionProperties) = preSolution
		HideSolutionNode = FALSE
	EndGlobalSection
	GlobalSection(ExtensibilityGlobals) = postSolution
		SolutionGuid = {CEEDBE57-5833-4682-ACE6-7DB3686CD860}
	EndGlobalSection
EndGlobal
